
Microsoft Visual Studio Solution File, Format Version 12.00
# Visual Studio 15
VisualStudioVersion = 15.0.27428.2015
MinimumVisualStudioVersion = 10.0.40219.1
Project("{FAE04EC0-301F-11D3-BF4B-00C04F79EFBC}") = "Whole30DietApp", "Whole30DietApp\Whole30DietApp.csproj", "{4DAED871-EFCE-4DE5-9014-26296BB55170}"
EndProject
Global
	GlobalSection(SolutionConfigurationPlatforms) = preSolution
		Debug|Any CPU = Debug|Any CPU
		Release|Any CPU = Release|Any CPU
	EndGlobalSection
	GlobalSection(ProjectConfigurationPlatforms) = postSolution
		{4DAED871-EFCE-4DE5-9014-26296BB55170}.Debug|Any CPU.ActiveCfg = Debug|Any CPU
		{4DAED871-EFCE-4DE5-9014-26296BB55170}.Debug|Any CPU.Build.0 = Debug|Any CPU
		{4DAED871-EFCE-4DE5-9014-26296BB55170}.Release|Any CPU.ActiveCfg = Release|Any CPU
		{4DAED871-EFCE-4DE5-9014-26296BB55170}.Release|Any CPU.Build.0 = Release|Any CPU
	EndGlobalSection
	GlobalSection(SolutionProperties) = preSolution
		HideSolutionNode = FALSE
	EndGlobalSection
	GlobalSection(ExtensibilityGlobals) = postSolution
		SolutionGuid = {B99765A3-1555-4496-86C1-605195558EEE}
	EndGlobalSection
EndGlobal
